
Microsoft Visual Studio Solution File, Format Version 12.00
# Visual Studio 15
VisualStudioVersion = 15.0.26403.0
MinimumVisualStudioVersion = 10.0.40219.1
Project("{FAE04EC0-301F-11D3-BF4B-00C04F79EFBC}") = "ExtensionMethodClassLibrary", "ClassLibrary1\ExtensionMethodClassLibrary.csproj", "{BE4A0F14-207E-4181-9791-5289AE596D69}"
EndProject
Project("{FAE04EC0-301F-11D3-BF4B-00C04F79EFBC}") = "LearningExtensionMethodCall", "LearningExtensionMethodCall\LearningExtensionMethodCall.csproj", "{34BE0A24-8892-49CF-B0B5-B3EFF2E8FE8D}"
EndProject
Global
	GlobalSection(SolutionConfigurationPlatforms) = preSolution
		Debug|Any CPU = Debug|Any CPU
		Release|Any CPU = Release|Any CPU
	EndGlobalSection
	GlobalSection(ProjectConfigurationPlatforms) = postSolution
		{BE4A0F14-207E-4181-9791-5289AE596D69}.Debug|Any CPU.ActiveCfg = Debug|Any CPU
		{BE4A0F14-207E-4181-9791-5289AE596D69}.Debug|Any CPU.Build.0 = Debug|Any CPU
		{BE4A0F14-207E-4181-9791-5289AE596D69}.Release|Any CPU.ActiveCfg = Release|Any CPU
		{BE4A0F14-207E-4181-9791-5289AE596D69}.Release|Any CPU.Build.0 = Release|Any CPU
		{34BE0A24-8892-49CF-B0B5-B3EFF2E8FE8D}.Debug|Any CPU.ActiveCfg = Debug|Any CPU
		{34BE0A24-8892-49CF-B0B5-B3EFF2E8FE8D}.Debug|Any CPU.Build.0 = Debug|Any CPU
		{34BE0A24-8892-49CF-B0B5-B3EFF2E8FE8D}.Release|Any CPU.ActiveCfg = Release|Any CPU
		{34BE0A24-8892-49CF-B0B5-B3EFF2E8FE8D}.Release|Any CPU.Build.0 = Release|Any CPU
	EndGlobalSection
	GlobalSection(SolutionProperties) = preSolution
		HideSolutionNode = FALSE
	EndGlobalSection
EndGlobal
